
Microsoft Visual Studio Solution File, Format Version 12.00
# Visual Studio Version 17
VisualStudioVersion = 17.1.32319.34
MinimumVisualStudioVersion = 10.0.40219.1
Project("{FAE04EC0-301F-11D3-BF4B-00C04F79EFBC}") = "Launcher0.2", "Launcher0.2.csproj", "{3446E90A-45AE-44A4-AC00-CF7C339A6B12}"
EndProject
Project("{FAE04EC0-301F-11D3-BF4B-00C04F79EFBC}") = "VeneraTest", "..\VeneraTest\VeneraTest.csproj", "{890B1D80-B433-402F-9A8F-06698C7DF8C1}"
EndProject
Global
	GlobalSection(SolutionConfigurationPlatforms) = preSolution
		Debug|Any CPU = Debug|Any CPU
		Release|Any CPU = Release|Any CPU
	EndGlobalSection
	GlobalSection(ProjectConfigurationPlatforms) = postSolution
		{3446E90A-45AE-44A4-AC00-CF7C339A6B12}.Debug|Any CPU.ActiveCfg = Debug|Any CPU
		{3446E90A-45AE-44A4-AC00-CF7C339A6B12}.Debug|Any CPU.Build.0 = Debug|Any CPU
		{3446E90A-45AE-44A4-AC00-CF7C339A6B12}.Release|Any CPU.ActiveCfg = Release|Any CPU
		{3446E90A-45AE-44A4-AC00-CF7C339A6B12}.Release|Any CPU.Build.0 = Release|Any CPU
		{890B1D80-B433-402F-9A8F-06698C7DF8C1}.Debug|Any CPU.ActiveCfg = Debug|Any CPU
		{890B1D80-B433-402F-9A8F-06698C7DF8C1}.Debug|Any CPU.Build.0 = Debug|Any CPU
		{890B1D80-B433-402F-9A8F-06698C7DF8C1}.Release|Any CPU.ActiveCfg = Release|Any CPU
		{890B1D80-B433-402F-9A8F-06698C7DF8C1}.Release|Any CPU.Build.0 = Release|Any CPU
	EndGlobalSection
	GlobalSection(SolutionProperties) = preSolution
		HideSolutionNode = FALSE
	EndGlobalSection
	GlobalSection(ExtensibilityGlobals) = postSolution
		SolutionGuid = {A896B019-5CE7-4F25-8080-985FD1B94F41}
	EndGlobalSection
EndGlobal
